Microsoft Visual Studio Solution File, Format Version 12.00
# Visual Studio Version 17
VisualStudioVersion = 17.5.2.0
MinimumVisualStudioVersion = 10.0.40219.1
Project("{FAE04EC0-301F-11D3-BF4B-00C04F79EFBC}") = "QuickMeds", "QuickMeds.csproj", "{B38C5116-3353-7CC1-080E-020A856370C6}"
EndProject
Global
	GlobalSection(SolutionConfigurationPlatforms) = preSolution
		Debug|Any CPU = Debug|Any CPU
		Release|Any CPU = Release|Any CPU
	EndGlobalSection
	GlobalSection(ProjectConfigurationPlatforms) = postSolution
		{B38C5116-3353-7CC1-080E-020A856370C6}.Debug|Any CPU.ActiveCfg = Debug|Any CPU
		{B38C5116-3353-7CC1-080E-020A856370C6}.Debug|Any CPU.Build.0 = Debug|Any CPU
		{B38C5116-3353-7CC1-080E-020A856370C6}.Release|Any CPU.ActiveCfg = Release|Any CPU
		{B38C5116-3353-7CC1-080E-020A856370C6}.Release|Any CPU.Build.0 = Release|Any CPU
	EndGlobalSection
	GlobalSection(SolutionProperties) = preSolution
		HideSolutionNode = FALSE
	EndGlobalSection
	GlobalSection(ExtensibilityGlobals) = postSolution
		SolutionGuid = {E1B0227A-ADDC-4E62-8120-3F2FEF541832}
	EndGlobalSection
EndGlobal
